
Microsoft Visual Studio Solution File, Format Version 12.00
# Visual Studio 15
VisualStudioVersion = 15.0.27428.2037
MinimumVisualStudioVersion = 10.0.40219.1
Project("{FAE04EC0-301F-11D3-BF4B-00C04F79EFBC}") = "TennisAnalys", "TennisAnalys\TennisAnalys.csproj", "{8885879A-03EE-4EF0-A22F-C9BF2A1CC17C}"
EndProject
Global
	GlobalSection(SolutionConfigurationPlatforms) = preSolution
		Debug|Any CPU = Debug|Any CPU
		Release|Any CPU = Release|Any CPU
	EndGlobalSection
	GlobalSection(ProjectConfigurationPlatforms) = postSolution
		{8885879A-03EE-4EF0-A22F-C9BF2A1CC17C}.Debug|Any CPU.ActiveCfg = Debug|Any CPU
		{8885879A-03EE-4EF0-A22F-C9BF2A1CC17C}.Debug|Any CPU.Build.0 = Debug|Any CPU
		{8885879A-03EE-4EF0-A22F-C9BF2A1CC17C}.Release|Any CPU.ActiveCfg = Release|Any CPU
		{8885879A-03EE-4EF0-A22F-C9BF2A1CC17C}.Release|Any CPU.Build.0 = Release|Any CPU
	EndGlobalSection
	GlobalSection(SolutionProperties) = preSolution
		HideSolutionNode = FALSE
	EndGlobalSection
	GlobalSection(ExtensibilityGlobals) = postSolution
		SolutionGuid = {2FA26D79-ED40-4C54-8C66-C03F48C3F8D8}
	EndGlobalSection
EndGlobal
